
Microsoft Visual Studio Solution File, Format Version 12.00
# Visual Studio Version 16
VisualStudioVersion = 16.0.30114.105
MinimumVisualStudioVersion = 10.0.40219.1
Project("{FAE04EC0-301F-11D3-BF4B-00C04F79EFBC}") = "TickTackService", "TickTackService\TickTackService.csproj", "{DFEA2533-C17B-454C-B613-AE3D7C7B4B54}"
EndProject
Project("{FAE04EC0-301F-11D3-BF4B-00C04F79EFBC}") = "TickTackService.Tests", "TickTackService.Tests\TickTackService.Tests.csproj", "{665779AB-0C57-43EE-91E1-BBE1C061EF4B}"
EndProject
Global
	GlobalSection(SolutionConfigurationPlatforms) = preSolution
		Debug|Any CPU = Debug|Any CPU
		Release|Any CPU = Release|Any CPU
	EndGlobalSection
	GlobalSection(SolutionProperties) = preSolution
		HideSolutionNode = FALSE
	EndGlobalSection
	GlobalSection(ProjectConfigurationPlatforms) = postSolution
		{DFEA2533-C17B-454C-B613-AE3D7C7B4B54}.Debug|Any CPU.ActiveCfg = Debug|Any CPU
		{DFEA2533-C17B-454C-B613-AE3D7C7B4B54}.Debug|Any CPU.Build.0 = Debug|Any CPU
		{DFEA2533-C17B-454C-B613-AE3D7C7B4B54}.Release|Any CPU.ActiveCfg = Release|Any CPU
		{DFEA2533-C17B-454C-B613-AE3D7C7B4B54}.Release|Any CPU.Build.0 = Release|Any CPU
		{665779AB-0C57-43EE-91E1-BBE1C061EF4B}.Debug|Any CPU.ActiveCfg = Debug|Any CPU
		{665779AB-0C57-43EE-91E1-BBE1C061EF4B}.Debug|Any CPU.Build.0 = Debug|Any CPU
		{665779AB-0C57-43EE-91E1-BBE1C061EF4B}.Release|Any CPU.ActiveCfg = Release|Any CPU
		{665779AB-0C57-43EE-91E1-BBE1C061EF4B}.Release|Any CPU.Build.0 = Release|Any CPU
	EndGlobalSection
EndGlobal
